
Microsoft Visual Studio Solution File, Format Version 12.00
# Visual Studio Version 17
VisualStudioVersion = 17.4.33205.214
MinimumVisualStudioVersion = 10.0.40219.1
Project("{2150E333-8FDC-42A3-9474-1A3956D46DE8}") = "UI", "UI", "{77EE93C8-8D77-4FD6-A6A2-3A81DAC63B5F}"
EndProject
Project("{2150E333-8FDC-42A3-9474-1A3956D46DE8}") = "WebApi", "WebApi", "{46656974-EEBB-473C-A131-53231FF7DFC5}"
EndProject
Project("{2150E333-8FDC-42A3-9474-1A3956D46DE8}") = "Domain", "Domain", "{6B54CA94-6747-441A-8CB3-C2DDFB22F85D}"
EndProject
Project("{2150E333-8FDC-42A3-9474-1A3956D46DE8}") = "Repositories", "Repositories", "{5EB4A168-9981-4841-A4F0-09D5F601EEBB}"
EndProject
Project("{2150E333-8FDC-42A3-9474-1A3956D46DE8}") = "Data", "Data", "{A223676C-9364-4AEC-98CC-C134E9C3F07D}"
EndProject
Project("{9A19103F-16F7-4668-BE54-9A1E7A4F7556}") = "WebApi.Data", "WebApi.Data\WebApi.Data.csproj", "{8E22252A-0A11-4935-AD2C-268C7AE772F9}"
EndProject
Project("{9A19103F-16F7-4668-BE54-9A1E7A4F7556}") = "WebApiLeao.Domain", "WebApiLeao.Domain\WebApiLeao.Domain.csproj", "{2ECA8AE5-AA38-4BDA-B21E-EDAE027078A2}"
EndProject
Project("{9A19103F-16F7-4668-BE54-9A1E7A4F7556}") = "WebApiLeao.WebApi", "WebApiLeao.WebApi\WebApiLeao.WebApi.csproj", "{4E53CCA9-834E-4BFC-ABD6-BDD7D40E8B96}"
EndProject
Project("{FAE04EC0-301F-11D3-BF4B-00C04F79EFBC}") = "WebApiLeao.Repository", "WebApiLeao.Repository\WebApiLeao.Repository.csproj", "{4C77716B-1611-436C-B6B7-56C8434082FC}"
EndProject
Global
	GlobalSection(SolutionConfigurationPlatforms) = preSolution
		Debug|Any CPU = Debug|Any CPU
		Release|Any CPU = Release|Any CPU
	EndGlobalSection
	GlobalSection(ProjectConfigurationPlatforms) = postSolution
		{8E22252A-0A11-4935-AD2C-268C7AE772F9}.Debug|Any CPU.ActiveCfg = Debug|Any CPU
		{8E22252A-0A11-4935-AD2C-268C7AE772F9}.Debug|Any CPU.Build.0 = Debug|Any CPU
		{8E22252A-0A11-4935-AD2C-268C7AE772F9}.Release|Any CPU.ActiveCfg = Release|Any CPU
		{8E22252A-0A11-4935-AD2C-268C7AE772F9}.Release|Any CPU.Build.0 = Release|Any CPU
		{2ECA8AE5-AA38-4BDA-B21E-EDAE027078A2}.Debug|Any CPU.ActiveCfg = Debug|Any CPU
		{2ECA8AE5-AA38-4BDA-B21E-EDAE027078A2}.Debug|Any CPU.Build.0 = Debug|Any CPU
		{2ECA8AE5-AA38-4BDA-B21E-EDAE027078A2}.Release|Any CPU.ActiveCfg = Release|Any CPU
		{2ECA8AE5-AA38-4BDA-B21E-EDAE027078A2}.Release|Any CPU.Build.0 = Release|Any CPU
		{4E53CCA9-834E-4BFC-ABD6-BDD7D40E8B96}.Debug|Any CPU.ActiveCfg = Debug|Any CPU
		{4E53CCA9-834E-4BFC-ABD6-BDD7D40E8B96}.Debug|Any CPU.Build.0 = Debug|Any CPU
		{4E53CCA9-834E-4BFC-ABD6-BDD7D40E8B96}.Release|Any CPU.ActiveCfg = Release|Any CPU
		{4E53CCA9-834E-4BFC-ABD6-BDD7D40E8B96}.Release|Any CPU.Build.0 = Release|Any CPU
		{4C77716B-1611-436C-B6B7-56C8434082FC}.Debug|Any CPU.ActiveCfg = Debug|Any CPU
		{4C77716B-1611-436C-B6B7-56C8434082FC}.Debug|Any CPU.Build.0 = Debug|Any CPU
		{4C77716B-1611-436C-B6B7-56C8434082FC}.Release|Any CPU.ActiveCfg = Release|Any CPU
		{4C77716B-1611-436C-B6B7-56C8434082FC}.Release|Any CPU.Build.0 = Release|Any CPU
	EndGlobalSection
	GlobalSection(SolutionProperties) = preSolution
		HideSolutionNode = FALSE
	EndGlobalSection
	GlobalSection(NestedProjects) = preSolution
		{8E22252A-0A11-4935-AD2C-268C7AE772F9} = {A223676C-9364-4AEC-98CC-C134E9C3F07D}
		{2ECA8AE5-AA38-4BDA-B21E-EDAE027078A2} = {6B54CA94-6747-441A-8CB3-C2DDFB22F85D}
		{4E53CCA9-834E-4BFC-ABD6-BDD7D40E8B96} = {46656974-EEBB-473C-A131-53231FF7DFC5}
		{4C77716B-1611-436C-B6B7-56C8434082FC} = {5EB4A168-9981-4841-A4F0-09D5F601EEBB}
	EndGlobalSection
	GlobalSection(ExtensibilityGlobals) = postSolution
		SolutionGuid = {185F6E32-57CA-4859-A2F4-AAF63F4BBE51}
	EndGlobalSection
EndGlobal
